
Microsoft Visual Studio Solution File, Format Version 12.00
# Visual Studio 2013
VisualStudioVersion = 12.0.30501.0
MinimumVisualStudioVersion = 10.0.40219.1
Project("{FAE04EC0-301F-11D3-BF4B-00C04F79EFBC}") = "ConsoleTestApp", "ConsoleTestApp.csproj", "{5FC02433-D61F-4C3E-A674-AC8E2DBDA040}"
EndProject
Project("{2150E333-8FDC-42A3-9474-1A3956D46DE8}") = ".nuget", ".nuget", "{06D997DF-8A43-4DC8-8DC0-0ADE45CA40D4}"
	ProjectSection(SolutionItems) = preProject
		.nuget\NuGet.Config = .nuget\NuGet.Config
		.nuget\NuGet.exe = .nuget\NuGet.exe
		.nuget\NuGet.targets = .nuget\NuGet.targets
	EndProjectSection
EndProject
Project("{FAE04EC0-301F-11D3-BF4B-00C04F79EFBC}") = "AuditDemo.Core", "AuditDemo.Core\AuditDemo.Core.csproj", "{6A6DD77E-AA2E-48A2-8359-3DCD19A26B83}"
EndProject
Global
	GlobalSection(SolutionConfigurationPlatforms) = preSolution
		Debug|Any CPU = Debug|Any CPU
		Release|Any CPU = Release|Any CPU
	EndGlobalSection
	GlobalSection(ProjectConfigurationPlatforms) = postSolution
		{5FC02433-D61F-4C3E-A674-AC8E2DBDA040}.Debug|Any CPU.ActiveCfg = Debug|Any CPU
		{5FC02433-D61F-4C3E-A674-AC8E2DBDA040}.Debug|Any CPU.Build.0 = Debug|Any CPU
		{5FC02433-D61F-4C3E-A674-AC8E2DBDA040}.Release|Any CPU.ActiveCfg = Release|Any CPU
		{5FC02433-D61F-4C3E-A674-AC8E2DBDA040}.Release|Any CPU.Build.0 = Release|Any CPU
		{6A6DD77E-AA2E-48A2-8359-3DCD19A26B83}.Debug|Any CPU.ActiveCfg = Debug|Any CPU
		{6A6DD77E-AA2E-48A2-8359-3DCD19A26B83}.Debug|Any CPU.Build.0 = Debug|Any CPU
		{6A6DD77E-AA2E-48A2-8359-3DCD19A26B83}.Release|Any CPU.ActiveCfg = Release|Any CPU
		{6A6DD77E-AA2E-48A2-8359-3DCD19A26B83}.Release|Any CPU.Build.0 = Release|Any CPU
	EndGlobalSection
	GlobalSection(SolutionProperties) = preSolution
		HideSolutionNode = FALSE
	EndGlobalSection
EndGlobal
